
Microsoft Visual Studio Solution File, Format Version 12.00
# Visual Studio 15
VisualStudioVersion = 15.0.28010.2048
MinimumVisualStudioVersion = 10.0.40219.1
Project("{FAE04EC0-301F-11D3-BF4B-00C04F79EFBC}") = "CountWords", "CountWords\CountWords.csproj", "{13E53963-AD2F-4776-AECF-E2A77DA4A003}"
EndProject
Project("{FAE04EC0-301F-11D3-BF4B-00C04F79EFBC}") = "CountWordsMVC", "CountWordsMVC\CountWordsMVC.csproj", "{52238E28-A0C9-4AC9-BBE1-534752477BE2}"
EndProject
Global
	GlobalSection(SolutionConfigurationPlatforms) = preSolution
		Debug|Any CPU = Debug|Any CPU
		Release|Any CPU = Release|Any CPU
	EndGlobalSection
	GlobalSection(ProjectConfigurationPlatforms) = postSolution
		{13E53963-AD2F-4776-AECF-E2A77DA4A003}.Debug|Any CPU.ActiveCfg = Debug|Any CPU
		{13E53963-AD2F-4776-AECF-E2A77DA4A003}.Debug|Any CPU.Build.0 = Debug|Any CPU
		{13E53963-AD2F-4776-AECF-E2A77DA4A003}.Release|Any CPU.ActiveCfg = Release|Any CPU
		{13E53963-AD2F-4776-AECF-E2A77DA4A003}.Release|Any CPU.Build.0 = Release|Any CPU
		{52238E28-A0C9-4AC9-BBE1-534752477BE2}.Debug|Any CPU.ActiveCfg = Debug|Any CPU
		{52238E28-A0C9-4AC9-BBE1-534752477BE2}.Debug|Any CPU.Build.0 = Debug|Any CPU
		{52238E28-A0C9-4AC9-BBE1-534752477BE2}.Release|Any CPU.ActiveCfg = Release|Any CPU
		{52238E28-A0C9-4AC9-BBE1-534752477BE2}.Release|Any CPU.Build.0 = Release|Any CPU
	EndGlobalSection
	GlobalSection(SolutionProperties) = preSolution
		HideSolutionNode = FALSE
	EndGlobalSection
	GlobalSection(ExtensibilityGlobals) = postSolution
		SolutionGuid = {F7DD3E26-B4C9-4ABF-AAB9-0517DB5A9F52}
	EndGlobalSection
EndGlobal
